<?xml version="1.0" encoding="utf-8"?>
<Project ToolsVersion="4.0" xmlns="http://schemas.microsoft.com/developer/msbuild/2003">
  <ItemGroup>
    <Filter Include="Source Files">
      <UniqueIdentifier>{4FC737F1-C7A5-4376-A066-2A32D752A2FF}</UniqueIdentifier>
      <Extensions>cpp;c;cc;cxx;c++;cppm;ixx;def;odl;idl;hpj;bat;asm;asmx</Extensions>
    </Filter>
    <Filter Include="Header Files">
      <UniqueIdentifier>{93995380-89BD-4b04-88EB-625FBE52EBFB}</UniqueIdentifier>
      <Extensions>h;hh;hpp;hxx;h++;hm;inl;inc;ipp;xsd</Extensions>
    </Filter>
    <Filter Include="Resource Files">
      <UniqueIdentifier>{67DA6AB6-F800-4c08-8B7A-83BB121AAD01}</UniqueIdentifier>
      <Extensions>rc;ico;cur;bmp;dlg;rc2;rct;bin;rgs;gif;jpg;jpeg;jpe;resx;tiff;tif;png;wav;mfcribbon-ms</Extensions>
    </Filter>
    <Filter Include="Source Files\FE">
      <UniqueIdentifier>{fae03d73-4fa3-4fff-acc7-3271038fed50}</UniqueIdentifier>
    </Filter>
    <Filter Include="Source Files\BE">
      <UniqueIdentifier>{d334dc3e-cd50-4399-bc20-4836c1813c12}</UniqueIdentifier>
    </Filter>
    <Filter Include="Header Files\FE">
      <UniqueIdentifier>{d4c9c78d-69c5-4e7b-9910-548d4bfcac71}</UniqueIdentifier>
    </Filter>
    <Filter Include="Header Files\BE">
      <UniqueIdentifier>{bea156bf-229f-419c-9808-fca2cc6b1871}</UniqueIdentifier>
    </Filter>
    <Filter Include="Header Files\Systems">
      <UniqueIdentifier>{7f22001d-db5a-4a59-a470-d1d4131ffd27}</UniqueIdentifier>
    </Filter>
    <Filter Include="Source Files\Systems">
      <UniqueIdentifier>{b08ccb03-ea57-44bb-bb9c-9dc66b7e11a7}</UniqueIdentifier>
    </Filter>
    <Filter Include="Header Files\FE\UI">
      <UniqueIdentifier>{84c75c89-dddf-4ae4-a32d-d7c7ef4e4214}</UniqueIdentifier>
    </Filter>
    <Filter Include="Source Files\FE\UI">
      <UniqueIdentifier>{2723deba-9e9c-4fe7-8e18-b6f51b33d71a}</UniqueIdentifier>
    </Filter>
    <Filter Include="Header Files\FE\Pages">
      <UniqueIdentifier>{155c3274-c4d8-4dc2-809f-d99be1192773}</UniqueIdentifier>
    </Filter>
    <Filter Include="Source Files\FE\Pages">
      <UniqueIdentifier>{e8516d43-89a3-477f-8c5d-85467b773de4}</UniqueIdentifier>
    </Filter>
    <Filter Include="Source Files\Models">
      <UniqueIdentifier>{270fc97c-e777-493c-907f-da5ba0c6553b}</UniqueIdentifier>
    </Filter>
    <Filter Include="Header Files\Models">
      <UniqueIdentifier>{ab9235e5-4e14-4a81-aa5b-e8c57eb0fbc3}</UniqueIdentifier>
    </Filter>
  </ItemGroup>
  <ItemGroup>
    <ClCompile Include="main.cpp">
      <Filter>Source Files</Filter>
    </ClCompile>
    <ClCompile Include="configApp.cpp">
      <Filter>Source Files\Systems</Filter>
    </ClCompile>
    <ClCompile Include="color.cpp">
      <Filter>Source Files\Systems</Filter>
    </ClCompile>
    <ClCompile Include="draw.cpp">
      <Filter>Source Files\Systems</Filter>
    </ClCompile>
    <ClCompile Include="keyboard.cpp">
      <Filter>Source Files\Systems</Filter>
    </ClCompile>
    <ClCompile Include="windows.cpp">
      <Filter>Source Files\Systems</Filter>
    </ClCompile>
    <ClCompile Include="singleton.cpp">
      <Filter>Source Files\Systems</Filter>
    </ClCompile>
    <ClCompile Include="inputField.cpp">
      <Filter>Source Files\FE\UI</Filter>
    </ClCompile>
    <ClCompile Include="text.cpp">
      <Filter>Source Files\FE\UI</Filter>
    </ClCompile>
    <ClCompile Include="basePage.cpp">
      <Filter>Source Files\FE\Pages</Filter>
    </ClCompile>
    <ClCompile Include="pageSignIn.cpp">
      <Filter>Source Files\FE\Pages</Filter>
    </ClCompile>
    <ClCompile Include="pageSignUp.cpp">
      <Filter>Source Files\FE\Pages</Filter>
    </ClCompile>
    <ClCompile Include="page.cpp">
      <Filter>Source Files\FE\Pages</Filter>
    </ClCompile>
    <ClCompile Include="pageCustomer.cpp">
      <Filter>Source Files\FE\Pages</Filter>
    </ClCompile>
    <ClCompile Include="pageAdmin.cpp">
      <Filter>Source Files\FE\Pages</Filter>
    </ClCompile>
    <ClCompile Include="pageWalletTransfer.cpp">
      <Filter>Source Files\FE\Pages</Filter>
    </ClCompile>
    <ClCompile Include="manageAccount.cpp">
      <Filter>Source Files\BE</Filter>
    </ClCompile>
    <ClCompile Include="accountModel.cpp">
      <Filter>Source Files\Models</Filter>
    </ClCompile>
    <ClCompile Include="transactionModel.cpp">
      <Filter>Source Files\Models</Filter>
    </ClCompile>
    <ClCompile Include="walletModel.cpp">
      <Filter>Source Files\Models</Filter>
    </ClCompile>
    <ClCompile Include="manageWallet.cpp">
      <Filter>Source Files\BE</Filter>
    </ClCompile>
    <ClCompile Include="manageTransaction.cpp">
      <Filter>Source Files\BE</Filter>
    </ClCompile>
  </ItemGroup>
  <ItemGroup>
    <ClInclude Include="configApp.h">
      <Filter>Header Files\Systems</Filter>
    </ClInclude>
    <ClInclude Include="mycolor.h">
      <Filter>Header Files\Systems</Filter>
    </ClInclude>
    <ClInclude Include="mydraw.h">
      <Filter>Header Files\Systems</Filter>
    </ClInclude>
    <ClInclude Include="mykeyboard.h">
      <Filter>Header Files\Systems</Filter>
    </ClInclude>
    <ClInclude Include="mywindows.h">
      <Filter>Header Files\Systems</Filter>
    </ClInclude>
    <ClInclude Include="Singleton.h">
      <Filter>Header Files\Systems</Filter>
    </ClInclude>
    <ClInclude Include="InputField.h">
      <Filter>Header Files\FE\UI</Filter>
    </ClInclude>
    <ClInclude Include="Text.h">
      <Filter>Header Files\FE\UI</Filter>
    </ClInclude>
    <ClInclude Include="BasePage.h">
      <Filter>Header Files\FE\Pages</Filter>
    </ClInclude>
    <ClInclude Include="Page.h">
      <Filter>Header Files\FE\Pages</Filter>
    </ClInclude>
    <ClInclude Include="PageSignIn.h">
      <Filter>Header Files\FE\Pages</Filter>
    </ClInclude>
    <ClInclude Include="PageSignUp.h">
      <Filter>Header Files\FE\Pages</Filter>
    </ClInclude>
    <ClInclude Include="PageCustomer.h">
      <Filter>Header Files\FE\Pages</Filter>
    </ClInclude>
    <ClInclude Include="PageAdmin.h">
      <Filter>Header Files\FE\Pages</Filter>
    </ClInclude>
    <ClInclude Include="PageWalletTransfer.h">
      <Filter>Header Files\FE\Pages</Filter>
    </ClInclude>
    <ClInclude Include="ManageAccount.h">
      <Filter>Header Files\BE</Filter>
    </ClInclude>
    <ClInclude Include="AccountModel.h">
      <Filter>Header Files\Models</Filter>
    </ClInclude>
    <ClInclude Include="TransactionModel.h">
      <Filter>Header Files\Models</Filter>
    </ClInclude>
    <ClInclude Include="WalletModel.h">
      <Filter>Header Files\Models</Filter>
    </ClInclude>
    <ClInclude Include="ManageWallet.h">
      <Filter>Header Files\BE</Filter>
    </ClInclude>
    <ClInclude Include="ManageTransaction.h">
      <Filter>Header Files\BE</Filter>
    </ClInclude>
    <ClInclude Include="json.hpp">
      <Filter>Header Files\Systems</Filter>
    </ClInclude>
  </ItemGroup>
</Project>